devDependencies:
  sha256: 0.2.0
lockfileVersion: 5.2
packages:
  /convert-hex/0.1.0:
    dev: true
    resolution:
      integrity: sha1-CMBFaJIsJ3drii6BqV05M2LqC2U=
  /convert-string/0.1.0:
    dev: true
    resolution:
      integrity: sha1-ec5BqbsNA7z3LNxqjzxW+7xkQQo=
  /sha256/0.2.0:
    dependencies:
      convert-hex: 0.1.0
      convert-string: 0.1.0
    dev: true
    resolution:
      integrity: sha1-c6C0GNqrcDW/+G6EkeNjQS/CqwU=
specifiers:
  sha256: ^0.2.0
